
Microsoft Visual Studio Solution File, Format Version 12.00
# Visual Studio Version 17
VisualStudioVersion = 17.8.34330.188
MinimumVisualStudioVersion = 10.0.40219.1
Project("{9A19103F-16F7-4668-BE54-9A1E7A4F7556}") = "CCI.Template.Blank", "CCI.Template.Blank\CCI.Template.Blank.csproj", "{BDE556B6-CBDD-4A22-A2B3-60532CE95501}"
EndProject
Global
	GlobalSection(SolutionConfigurationPlatforms) = preSolution
		Debug|Any CPU = Debug|Any CPU
		Debug|x64 = Debug|x64
		Release|Any CPU = Release|Any CPU
		Release|x64 = Release|x64
	EndGlobalSection
	GlobalSection(ProjectConfigurationPlatforms) = postSolution
		{BDE556B6-CBDD-4A22-A2B3-60532CE95501}.Debug|Any CPU.ActiveCfg = Debug|x64
		{BDE556B6-CBDD-4A22-A2B3-60532CE95501}.Debug|Any CPU.Build.0 = Debug|x64
		{BDE556B6-CBDD-4A22-A2B3-60532CE95501}.Debug|x64.ActiveCfg = Debug|x64
		{BDE556B6-CBDD-4A22-A2B3-60532CE95501}.Debug|x64.Build.0 = Debug|x64
		{BDE556B6-CBDD-4A22-A2B3-60532CE95501}.Release|Any CPU.ActiveCfg = Release|Any CPU
		{BDE556B6-CBDD-4A22-A2B3-60532CE95501}.Release|Any CPU.Build.0 = Release|Any CPU
		{BDE556B6-CBDD-4A22-A2B3-60532CE95501}.Release|x64.ActiveCfg = Release|x64
		{BDE556B6-CBDD-4A22-A2B3-60532CE95501}.Release|x64.Build.0 = Release|x64
	EndGlobalSection
	GlobalSection(SolutionProperties) = preSolution
		HideSolutionNode = FALSE
	EndGlobalSection
	GlobalSection(ExtensibilityGlobals) = postSolution
		SolutionGuid = {BDD7DE94-32A3-430B-8915-3FF7EEF229DA}
	EndGlobalSection
EndGlobal
